
Microsoft Visual Studio Solution File, Format Version 12.00
# Visual Studio Version 16
VisualStudioVersion = 16.0.30907.101
MinimumVisualStudioVersion = 10.0.40219.1
Project("{FAE04EC0-301F-11D3-BF4B-00C04F79EFBC}") = "ProductCart", "ProductCart\ProductCart.csproj", "{3139AFCC-FDB7-4BB5-81A5-7AE9707CFCFD}"
EndProject
Global
	GlobalSection(SolutionConfigurationPlatforms) = preSolution
		Debug|Any CPU = Debug|Any CPU
		Release|Any CPU = Release|Any CPU
	EndGlobalSection
	GlobalSection(ProjectConfigurationPlatforms) = postSolution
		{3139AFCC-FDB7-4BB5-81A5-7AE9707CFCFD}.Debug|Any CPU.ActiveCfg = Debug|Any CPU
		{3139AFCC-FDB7-4BB5-81A5-7AE9707CFCFD}.Debug|Any CPU.Build.0 = Debug|Any CPU
		{3139AFCC-FDB7-4BB5-81A5-7AE9707CFCFD}.Release|Any CPU.ActiveCfg = Release|Any CPU
		{3139AFCC-FDB7-4BB5-81A5-7AE9707CFCFD}.Release|Any CPU.Build.0 = Release|Any CPU
	EndGlobalSection
	GlobalSection(SolutionProperties) = preSolution
		HideSolutionNode = FALSE
	EndGlobalSection
	GlobalSection(ExtensibilityGlobals) = postSolution
		SolutionGuid = {E3191C8C-C265-427A-9CF3-A6C7AF8A242B}
	EndGlobalSection
EndGlobal
