
Microsoft Visual Studio Solution File, Format Version 12.00
# Visual Studio Version 16
VisualStudioVersion = 16.0.32106.194
MinimumVisualStudioVersion = 10.0.40219.1
Project("{FAE04EC0-301F-11D3-BF4B-00C04F79EFBC}") = "dbPractice", "dbPractice\dbPractice.csproj", "{6F2A169C-B490-425E-ADAE-B507996272BE}"
EndProject
Global
	GlobalSection(SolutionConfigurationPlatforms) = preSolution
		Debug|Any CPU = Debug|Any CPU
		Release|Any CPU = Release|Any CPU
	EndGlobalSection
	GlobalSection(ProjectConfigurationPlatforms) = postSolution
		{6F2A169C-B490-425E-ADAE-B507996272BE}.Debug|Any CPU.ActiveCfg = Debug|Any CPU
		{6F2A169C-B490-425E-ADAE-B507996272BE}.Debug|Any CPU.Build.0 = Debug|Any CPU
		{6F2A169C-B490-425E-ADAE-B507996272BE}.Release|Any CPU.ActiveCfg = Release|Any CPU
		{6F2A169C-B490-425E-ADAE-B507996272BE}.Release|Any CPU.Build.0 = Release|Any CPU
	EndGlobalSection
	GlobalSection(SolutionProperties) = preSolution
		HideSolutionNode = FALSE
	EndGlobalSection
	GlobalSection(ExtensibilityGlobals) = postSolution
		SolutionGuid = {D5D85A28-3BA8-496B-8612-0EC5E60DCB64}
	EndGlobalSection
EndGlobal
